
Microsoft Visual Studio Solution File, Format Version 12.00
# Visual Studio 15
VisualStudioVersion = 15.0.27004.2006
MinimumVisualStudioVersion = 10.0.40219.1
Project("{FAE04EC0-301F-11D3-BF4B-00C04F79EFBC}") = "NormalWearTest", "NormalWearTest\NormalWearTest.csproj", "{FA60C027-355E-4772-BEA8-DA8E0BD4FCCA}"
EndProject
Global
	GlobalSection(SolutionConfigurationPlatforms) = preSolution
		Debug|Any CPU = Debug|Any CPU
		Release|Any CPU = Release|Any CPU
	EndGlobalSection
	GlobalSection(ProjectConfigurationPlatforms) = postSolution
		{FA60C027-355E-4772-BEA8-DA8E0BD4FCCA}.Debug|Any CPU.ActiveCfg = Debug|Any CPU
		{FA60C027-355E-4772-BEA8-DA8E0BD4FCCA}.Debug|Any CPU.Build.0 = Debug|Any CPU
		{FA60C027-355E-4772-BEA8-DA8E0BD4FCCA}.Debug|Any CPU.Deploy.0 = Debug|Any CPU
		{FA60C027-355E-4772-BEA8-DA8E0BD4FCCA}.Release|Any CPU.ActiveCfg = Release|Any CPU
		{FA60C027-355E-4772-BEA8-DA8E0BD4FCCA}.Release|Any CPU.Build.0 = Release|Any CPU
		{FA60C027-355E-4772-BEA8-DA8E0BD4FCCA}.Release|Any CPU.Deploy.0 = Release|Any CPU
	EndGlobalSection
	GlobalSection(SolutionProperties) = preSolution
		HideSolutionNode = FALSE
	EndGlobalSection
	GlobalSection(ExtensibilityGlobals) = postSolution
		SolutionGuid = {1A9BC937-C820-4E3E-8A76-9F889DBCA526}
	EndGlobalSection
EndGlobal
